
Microsoft Visual Studio Solution File, Format Version 12.00
# Visual Studio Version 17
VisualStudioVersion = 17.14.36511.14 d17.14
MinimumVisualStudioVersion = 10.0.40219.1
Project("{FAE04EC0-301F-11D3-BF4B-00C04F79EFBC}") = "Game Jam Generator", "Game Jam Generator\Game Jam Generator.csproj", "{65A4D639-9537-4986-AC3F-5094D8E4372D}"
EndProject
Global
	GlobalSection(SolutionConfigurationPlatforms) = preSolution
		Debug|Any CPU = Debug|Any CPU
		Release|Any CPU = Release|Any CPU
	EndGlobalSection
	GlobalSection(ProjectConfigurationPlatforms) = postSolution
		{65A4D639-9537-4986-AC3F-5094D8E4372D}.Debug|Any CPU.ActiveCfg = Debug|Any CPU
		{65A4D639-9537-4986-AC3F-5094D8E4372D}.Debug|Any CPU.Build.0 = Debug|Any CPU
		{65A4D639-9537-4986-AC3F-5094D8E4372D}.Release|Any CPU.ActiveCfg = Release|Any CPU
		{65A4D639-9537-4986-AC3F-5094D8E4372D}.Release|Any CPU.Build.0 = Release|Any CPU
	EndGlobalSection
	GlobalSection(SolutionProperties) = preSolution
		HideSolutionNode = FALSE
	EndGlobalSection
	GlobalSection(ExtensibilityGlobals) = postSolution
		SolutionGuid = {21B2910C-F71B-4FB8-95C8-543AE17ACE96}
	EndGlobalSection
EndGlobal
